
Microsoft Visual Studio Solution File, Format Version 12.00
Project("{2150E333-8FDC-42A3-9474-1A3956D46DE8}") = "src", "src", "{4FEAB12F-4ED9-486D-9FEF-E440F525A854}"
EndProject
Project("{FAE04EC0-301F-11D3-BF4B-00C04F79EFBC}") = "Domain", "Domain\Domain.csproj", "{75C8158A-23E8-4A60-BF4D-C8CE85E442F7}"
EndProject
Project("{FAE04EC0-301F-11D3-BF4B-00C04F79EFBC}") = "Application", "Application\Application.csproj", "{D8CFD100-80ED-4A9E-922D-EB336802A2A2}"
EndProject
Project("{FAE04EC0-301F-11D3-BF4B-00C04F79EFBC}") = "Infrastructure", "Infrastructure\Infrastructure.csproj", "{F127BCD9-4C14-465D-AB22-58B121F2D012}"
EndProject
Project("{FAE04EC0-301F-11D3-BF4B-00C04F79EFBC}") = "Presentation", "Presentation\Presentation.csproj", "{BBDDD176-3B74-4359-9119-C7A56DE65B59}"
EndProject
Project("{FAE04EC0-301F-11D3-BF4B-00C04F79EFBC}") = "WebApi", "WebApi\WebApi.csproj", "{2DA8FE46-FBED-45FB-94EE-1D27AD5A608F}"
EndProject
Project("{2150E333-8FDC-42A3-9474-1A3956D46DE8}") = "tests", "tests", "{8418326D-0FC7-49C3-B157-24563FDEEC77}"
EndProject
Project("{FAE04EC0-301F-11D3-BF4B-00C04F79EFBC}") = "Notification.System.Tests", "Notification.System.Tests\Notification.System.Tests.csproj", "{E256107E-369F-4B3D-8517-5C29AEF2A971}"
EndProject
Global
	GlobalSection(SolutionConfigurationPlatforms) = preSolution
		Debug|Any CPU = Debug|Any CPU
		Release|Any CPU = Release|Any CPU
	EndGlobalSection
	GlobalSection(ProjectConfigurationPlatforms) = postSolution
		{75C8158A-23E8-4A60-BF4D-C8CE85E442F7}.Debug|Any CPU.ActiveCfg = Debug|Any CPU
		{75C8158A-23E8-4A60-BF4D-C8CE85E442F7}.Debug|Any CPU.Build.0 = Debug|Any CPU
		{75C8158A-23E8-4A60-BF4D-C8CE85E442F7}.Release|Any CPU.ActiveCfg = Release|Any CPU
		{75C8158A-23E8-4A60-BF4D-C8CE85E442F7}.Release|Any CPU.Build.0 = Release|Any CPU
		{D8CFD100-80ED-4A9E-922D-EB336802A2A2}.Debug|Any CPU.ActiveCfg = Debug|Any CPU
		{D8CFD100-80ED-4A9E-922D-EB336802A2A2}.Debug|Any CPU.Build.0 = Debug|Any CPU
		{D8CFD100-80ED-4A9E-922D-EB336802A2A2}.Release|Any CPU.ActiveCfg = Release|Any CPU
		{D8CFD100-80ED-4A9E-922D-EB336802A2A2}.Release|Any CPU.Build.0 = Release|Any CPU
		{F127BCD9-4C14-465D-AB22-58B121F2D012}.Debug|Any CPU.ActiveCfg = Debug|Any CPU
		{F127BCD9-4C14-465D-AB22-58B121F2D012}.Debug|Any CPU.Build.0 = Debug|Any CPU
		{F127BCD9-4C14-465D-AB22-58B121F2D012}.Release|Any CPU.ActiveCfg = Release|Any CPU
		{F127BCD9-4C14-465D-AB22-58B121F2D012}.Release|Any CPU.Build.0 = Release|Any CPU
		{BBDDD176-3B74-4359-9119-C7A56DE65B59}.Debug|Any CPU.ActiveCfg = Debug|Any CPU
		{BBDDD176-3B74-4359-9119-C7A56DE65B59}.Debug|Any CPU.Build.0 = Debug|Any CPU
		{BBDDD176-3B74-4359-9119-C7A56DE65B59}.Release|Any CPU.ActiveCfg = Release|Any CPU
		{BBDDD176-3B74-4359-9119-C7A56DE65B59}.Release|Any CPU.Build.0 = Release|Any CPU
		{2DA8FE46-FBED-45FB-94EE-1D27AD5A608F}.Debug|Any CPU.ActiveCfg = Debug|Any CPU
		{2DA8FE46-FBED-45FB-94EE-1D27AD5A608F}.Debug|Any CPU.Build.0 = Debug|Any CPU
		{2DA8FE46-FBED-45FB-94EE-1D27AD5A608F}.Release|Any CPU.ActiveCfg = Release|Any CPU
		{2DA8FE46-FBED-45FB-94EE-1D27AD5A608F}.Release|Any CPU.Build.0 = Release|Any CPU
		{E256107E-369F-4B3D-8517-5C29AEF2A971}.Debug|Any CPU.ActiveCfg = Debug|Any CPU
		{E256107E-369F-4B3D-8517-5C29AEF2A971}.Debug|Any CPU.Build.0 = Debug|Any CPU
		{E256107E-369F-4B3D-8517-5C29AEF2A971}.Release|Any CPU.ActiveCfg = Release|Any CPU
		{E256107E-369F-4B3D-8517-5C29AEF2A971}.Release|Any CPU.Build.0 = Release|Any CPU
	EndGlobalSection
	GlobalSection(NestedProjects) = preSolution
		{75C8158A-23E8-4A60-BF4D-C8CE85E442F7} = {4FEAB12F-4ED9-486D-9FEF-E440F525A854}
		{D8CFD100-80ED-4A9E-922D-EB336802A2A2} = {4FEAB12F-4ED9-486D-9FEF-E440F525A854}
		{F127BCD9-4C14-465D-AB22-58B121F2D012} = {4FEAB12F-4ED9-486D-9FEF-E440F525A854}
		{BBDDD176-3B74-4359-9119-C7A56DE65B59} = {4FEAB12F-4ED9-486D-9FEF-E440F525A854}
		{2DA8FE46-FBED-45FB-94EE-1D27AD5A608F} = {4FEAB12F-4ED9-486D-9FEF-E440F525A854}
		{E256107E-369F-4B3D-8517-5C29AEF2A971} = {8418326D-0FC7-49C3-B157-24563FDEEC77}
	EndGlobalSection
EndGlobal
